
Microsoft Visual Studio Solution File, Format Version 12.00
# Visual Studio Version 16
VisualStudioVersion = 16.0.32602.291
MinimumVisualStudioVersion = 10.0.40219.1
Project("{FAE04EC0-301F-11D3-BF4B-00C04F79EFBC}") = "TakvimUygulamasi", "TakvimUygulamasi\TakvimUygulamasi.csproj", "{AEBC1CE9-E75D-4276-A079-9D999061DC40}"
EndProject
Global
	GlobalSection(SolutionConfigurationPlatforms) = preSolution
		Debug|Any CPU = Debug|Any CPU
		Release|Any CPU = Release|Any CPU
	EndGlobalSection
	GlobalSection(ProjectConfigurationPlatforms) = postSolution
		{AEBC1CE9-E75D-4276-A079-9D999061DC40}.Debug|Any CPU.ActiveCfg = Debug|Any CPU
		{AEBC1CE9-E75D-4276-A079-9D999061DC40}.Debug|Any CPU.Build.0 = Debug|Any CPU
		{AEBC1CE9-E75D-4276-A079-9D999061DC40}.Release|Any CPU.ActiveCfg = Release|Any CPU
		{AEBC1CE9-E75D-4276-A079-9D999061DC40}.Release|Any CPU.Build.0 = Release|Any CPU
	EndGlobalSection
	GlobalSection(SolutionProperties) = preSolution
		HideSolutionNode = FALSE
	EndGlobalSection
	GlobalSection(ExtensibilityGlobals) = postSolution
		SolutionGuid = {AEFA2619-3D95-4878-AEB6-D6C9F03379CC}
	EndGlobalSection
EndGlobal
